
Microsoft Visual Studio Solution File, Format Version 12.00
# Visual Studio Version 17
VisualStudioVersion = 17.6.33815.320
MinimumVisualStudioVersion = 10.0.40219.1
Project("{FAE04EC0-301F-11D3-BF4B-00C04F79EFBC}") = "SnakeAndLader", "SnakeAndLader.csproj", "{AF0FBB65-43FC-4146-8F11-581E4729C1FB}"
EndProject
Global
	GlobalSection(SolutionConfigurationPlatforms) = preSolution
		Debug|Any CPU = Debug|Any CPU
		Release|Any CPU = Release|Any CPU
	EndGlobalSection
	GlobalSection(ProjectConfigurationPlatforms) = postSolution
		{AF0FBB65-43FC-4146-8F11-581E4729C1FB}.Debug|Any CPU.ActiveCfg = Debug|Any CPU
		{AF0FBB65-43FC-4146-8F11-581E4729C1FB}.Debug|Any CPU.Build.0 = Debug|Any CPU
		{AF0FBB65-43FC-4146-8F11-581E4729C1FB}.Release|Any CPU.ActiveCfg = Release|Any CPU
		{AF0FBB65-43FC-4146-8F11-581E4729C1FB}.Release|Any CPU.Build.0 = Release|Any CPU
	EndGlobalSection
	GlobalSection(SolutionProperties) = preSolution
		HideSolutionNode = FALSE
	EndGlobalSection
	GlobalSection(ExtensibilityGlobals) = postSolution
		SolutionGuid = {5723E5A4-4492-49C0-ADD0-469BEF6B4B2B}
	EndGlobalSection
EndGlobal
